// !$*UTF8*$!
{
	archiveVersion = 1;
	classes = {
	};
	objectVersion = 50;
	objects = {

/* Begin PBXBuildFile section */
		982DC29F26067D51007216CB /* SliderControlZoo.swift in Sources */ = {isa = PBXBuildFile; fileRef = 982DC29E26067D51007216CB /* SliderControlZoo.swift */; };
		982DC2A22608345C007216CB /* ProgressViewZoo.swift in Sources */ = {isa = PBXBuildFile; fileRef = 982DC2A12608345C007216CB /* ProgressViewZoo.swift */; };
		982DC2A5260836EE007216CB /* LinksZoo.swift in Sources */ = {isa = PBXBuildFile; fileRef = 982DC2A4260836EE007216CB /* LinksZoo.swift */; };
		9832C7C126312CCF00E68346 /* GestureZoo.swift in Sources */ = {isa = PBXBuildFile; fileRef = 9832C7C026312CCF00E68346 /* GestureZoo.swift */; };
		9846C8E825EDEC3F0067F697 /* KeyboadManagement.swift in Sources */ = {isa = PBXBuildFile; fileRef = 9846C8E725EDEC3F0067F697 /* KeyboadManagement.swift */; };
		984BAE1925EAE5FB009E6938 /* TextViewZoo.swift in Sources */ = {isa = PBXBuildFile; fileRef = 984BAE1825EAE5FB009E6938 /* TextViewZoo.swift */; };
		98EEDBEC25E4642B00DC7B1F /* SwiftUIZooApp.swift in Sources */ = {isa = PBXBuildFile; fileRef = 98EEDBEB25E4642B00DC7B1F /* SwiftUIZooApp.swift */; };
		98EEDBEE25E4642B00DC7B1F /* ContentView.swift in Sources */ = {isa = PBXBuildFile; fileRef = 98EEDBED25E4642B00DC7B1F /* ContentView.swift */; };
		98EEDBF025E4642B00DC7B1F /* Assets.xcassets in Resources */ = {isa = PBXBuildFile; fileRef = 98EEDBEF25E4642B00DC7B1F /* Assets.xcassets */; };
		98EEDBF325E4642B00DC7B1F /* Preview Assets.xcassets in Resources */ = {isa = PBXBuildFile; fileRef = 98EEDBF225E4642B00DC7B1F /* Preview Assets.xcassets */; };
		98EEDBFC25E6090900DC7B1F /* MainListView.swift in Sources */ = {isa = PBXBuildFile; fileRef = 98EEDBFB25E6090900DC7B1F /* MainListView.swift */; };
		98EEDBFF25E60B8F00DC7B1F /* MainListCell.swift in Sources */ = {isa = PBXBuildFile; fileRef = 98EEDBFE25E60B8F00DC7B1F /* MainListCell.swift */; };
		98EEDC0225E60DA600DC7B1F /* ImageTile.swift in Sources */ = {isa = PBXBuildFile; fileRef = 98EEDC0125E60DA600DC7B1F /* ImageTile.swift */; };
		98EEDC0625E756B200DC7B1F /* RandomColorModifier.swift in Sources */ = {isa = PBXBuildFile; fileRef = 98EEDC0525E756B200DC7B1F /* RandomColorModifier.swift */; };
		98EEDC0925E764F400DC7B1F /* SFSymbolStudy.swift in Sources */ = {isa = PBXBuildFile; fileRef = 98EEDC0825E764F400DC7B1F /* SFSymbolStudy.swift */; };
		98EEDC0C25E767FC00DC7B1F /* RainbowNavListItem.swift in Sources */ = {isa = PBXBuildFile; fileRef = 98EEDC0B25E767FC00DC7B1F /* RainbowNavListItem.swift */; };
		98EEDC1125E85B6B00DC7B1F /* GradientView.swift in Sources */ = {isa = PBXBuildFile; fileRef = 98EEDC1025E85B6B00DC7B1F /* GradientView.swift */; };
		98EEDC1425E8B32D00DC7B1F /* SolidShapes.swift in Sources */ = {isa = PBXBuildFile; fileRef = 98EEDC1325E8B32D00DC7B1F /* SolidShapes.swift */; };
		98EEDC1725E9709000DC7B1F /* LayoutTricks.swift in Sources */ = {isa = PBXBuildFile; fileRef = 98EEDC1625E9709000DC7B1F /* LayoutTricks.swift */; };
		98EEDC1A25EAD86A00DC7B1F /* ScrollViewZoo.swift in Sources */ = {isa = PBXBuildFile; fileRef = 98EEDC1925EAD86A00DC7B1F /* ScrollViewZoo.swift */; };
/* End PBXBuildFile section */

/* Begin PBXFileReference section */
		982DC29E26067D51007216CB /* SliderControlZoo.swift */ = {isa = PBXFileReference; lastKnownFileType = sourcecode.swift; path = SliderControlZoo.swift; sourceTree = "<group>"; };
		982DC2A12608345C007216CB /* ProgressViewZoo.swift */ = {isa = PBXFileReference; lastKnownFileType = sourcecode.swift; path = ProgressViewZoo.swift; sourceTree = "<group>"; };
		982DC2A4260836EE007216CB /* LinksZoo.swift */ = {isa = PBXFileReference; lastKnownFileType = sourcecode.swift; path = LinksZoo.swift; sourceTree = "<group>"; };
		9832C7C026312CCF00E68346 /* GestureZoo.swift */ = {isa = PBXFileReference; lastKnownFileType = sourcecode.swift; path = GestureZoo.swift; sourceTree = "<group>"; };
		9846C8E725EDEC3F0067F697 /* KeyboadManagement.swift */ = {isa = PBXFileReference; lastKnownFileType = sourcecode.swift; path = KeyboadManagement.swift; sourceTree = "<group>"; };
		984BAE1825EAE5FB009E6938 /* TextViewZoo.swift */ = {isa = PBXFileReference; lastKnownFileType = sourcecode.swift; path = TextViewZoo.swift; sourceTree = "<group>"; };
		98EEDBE825E4642B00DC7B1F /* SwiftUIZoo.app */ = {isa = PBXFileReference; explicitFileType = wrapper.application; includeInIndex = 0; path = SwiftUIZoo.app; sourceTree = BUILT_PRODUCTS_DIR; };
		98EEDBEB25E4642B00DC7B1F /* SwiftUIZooApp.swift */ = {isa = PBXFileReference; lastKnownFileType = sourcecode.swift; path = SwiftUIZooApp.swift; sourceTree = "<group>"; };
		98EEDBED25E4642B00DC7B1F /* ContentView.swift */ = {isa = PBXFileReference; lastKnownFileType = sourcecode.swift; path = ContentView.swift; sourceTree = "<group>"; };
		98EEDBEF25E4642B00DC7B1F /* Assets.xcassets */ = {isa = PBXFileReference; lastKnownFileType = folder.assetcatalog; path = Assets.xcassets; sourceTree = "<group>"; };
		98EEDBF225E4642B00DC7B1F /* Preview Assets.xcassets */ = {isa = PBXFileReference; lastKnownFileType = folder.assetcatalog; path = "Preview Assets.xcassets"; sourceTree = "<group>"; };
		98EEDBF425E4642B00DC7B1F /* Info.plist */ = {isa = PBXFileReference; lastKnownFileType = text.plist.xml; path = Info.plist; sourceTree = "<group>"; };
		98EEDBFB25E6090900DC7B1F /* MainListView.swift */ = {isa = PBXFileReference; lastKnownFileType = sourcecode.swift; path = MainListView.swift; sourceTree = "<group>"; };
		98EEDBFE25E60B8F00DC7B1F /* MainListCell.swift */ = {isa = PBXFileReference; lastKnownFileType = sourcecode.swift; path = MainListCell.swift; sourceTree = "<group>"; };
		98EEDC0125E60DA600DC7B1F /* ImageTile.swift */ = {isa = PBXFileReference; lastKnownFileType = sourcecode.swift; path = ImageTile.swift; sourceTree = "<group>"; };
		98EEDC0525E756B200DC7B1F /* RandomColorModifier.swift */ = {isa = PBXFileReference; lastKnownFileType = sourcecode.swift; path = RandomColorModifier.swift; sourceTree = "<group>"; };
		98EEDC0825E764F400DC7B1F /* SFSymbolStudy.swift */ = {isa = PBXFileReference; lastKnownFileType = sourcecode.swift; path = SFSymbolStudy.swift; sourceTree = "<group>"; };
		98EEDC0B25E767FC00DC7B1F /* RainbowNavListItem.swift */ = {isa = PBXFileReference; lastKnownFileType = sourcecode.swift; path = RainbowNavListItem.swift; sourceTree = "<group>"; };
		98EEDC1025E85B6B00DC7B1F /* GradientView.swift */ = {isa = PBXFileReference; lastKnownFileType = sourcecode.swift; path = GradientView.swift; sourceTree = "<group>"; };
		98EEDC1325E8B32D00DC7B1F /* SolidShapes.swift */ = {isa = PBXFileReference; lastKnownFileType = sourcecode.swift; path = SolidShapes.swift; sourceTree = "<group>"; };
		98EEDC1625E9709000DC7B1F /* LayoutTricks.swift */ = {isa = PBXFileReference; lastKnownFileType = sourcecode.swift; path = LayoutTricks.swift; sourceTree = "<group>"; };
		98EEDC1925EAD86A00DC7B1F /* ScrollViewZoo.swift */ = {isa = PBXFileReference; lastKnownFileType = sourcecode.swift; path = ScrollViewZoo.swift; sourceTree = "<group>"; };
/* End PBXFileReference section */

/* Begin PBXFrameworksBuildPhase section */
		98EEDBE525E4642B00DC7B1F /* Frameworks */ = {
			isa = PBXFrameworksBuildPhase;
			buildActionMask = 2147483647;
			files = (
			);
			runOnlyForDeploymentPostprocessing = 0;
		};
/* End PBXFrameworksBuildPhase section */

/* Begin PBXGroup section */
		98EEDBDF25E4642B00DC7B1F = {
			isa = PBXGroup;
			children = (
				98EEDBEA25E4642B00DC7B1F /* SwiftUIZoo */,
				98EEDBE925E4642B00DC7B1F /* Products */,
			);
			sourceTree = "<group>";
		};
		98EEDBE925E4642B00DC7B1F /* Products */ = {
			isa = PBXGroup;
			children = (
				98EEDBE825E4642B00DC7B1F /* SwiftUIZoo.app */,
			);
			name = Products;
			sourceTree = "<group>";
		};
		98EEDBEA25E4642B00DC7B1F /* SwiftUIZoo */ = {
			isa = PBXGroup;
			children = (
				9846C8E725EDEC3F0067F697 /* KeyboadManagement.swift */,
				98EEDBEB25E4642B00DC7B1F /* SwiftUIZooApp.swift */,
				98EEDBED25E4642B00DC7B1F /* ContentView.swift */,
				98EEDBFB25E6090900DC7B1F /* MainListView.swift */,
				982DC29E26067D51007216CB /* SliderControlZoo.swift */,
				982DC2A12608345C007216CB /* ProgressViewZoo.swift */,
				982DC2A4260836EE007216CB /* LinksZoo.swift */,
				984BAE1825EAE5FB009E6938 /* TextViewZoo.swift */,
				98EEDC1325E8B32D00DC7B1F /* SolidShapes.swift */,
				98EEDC1925EAD86A00DC7B1F /* ScrollViewZoo.swift */,
				9832C7C026312CCF00E68346 /* GestureZoo.swift */,
				98EEDC1625E9709000DC7B1F /* LayoutTricks.swift */,
				98EEDC0E25E769BF00DC7B1F /* Modifiers and Containers */,
				98EEDC0125E60DA600DC7B1F /* ImageTile.swift */,
				98EEDC0825E764F400DC7B1F /* SFSymbolStudy.swift */,
				98EEDC1025E85B6B00DC7B1F /* GradientView.swift */,
				98EEDBFE25E60B8F00DC7B1F /* MainListCell.swift */,
				98EEDBEF25E4642B00DC7B1F /* Assets.xcassets */,
				98EEDBF425E4642B00DC7B1F /* Info.plist */,
				98EEDBF125E4642B00DC7B1F /* Preview Content */,
			);
			path = SwiftUIZoo;
			sourceTree = "<group>";
		};
		98EEDBF125E4642B00DC7B1F /* Preview Content */ = {
			isa = PBXGroup;
			children = (
				98EEDBF225E4642B00DC7B1F /* Preview Assets.xcassets */,
			);
			path = "Preview Content";
			sourceTree = "<group>";
		};
		98EEDC0E25E769BF00DC7B1F /* Modifiers and Containers */ = {
			isa = PBXGroup;
			children = (
				98EEDC0B25E767FC00DC7B1F /* RainbowNavListItem.swift */,
				98EEDC0525E756B200DC7B1F /* RandomColorModifier.swift */,
			);
			path = "Modifiers and Containers";
			sourceTree = "<group>";
		};
/* End PBXGroup section */

/* Begin PBXNativeTarget section */
		98EEDBE725E4642B00DC7B1F /* SwiftUIZoo */ = {
			isa = PBXNativeTarget;
			buildConfigurationList = 98EEDBF725E4642B00DC7B1F /* Build configuration list for PBXNativeTarget "SwiftUIZoo" */;
			buildPhases = (
				98EEDBE425E4642B00DC7B1F /* Sources */,
				98EEDBE525E4642B00DC7B1F /* Frameworks */,
				98EEDBE625E4642B00DC7B1F /* Resources */,
			);
			buildRules = (
			);
			dependencies = (
			);
			name = SwiftUIZoo;
			productName = SwiftUIZoo;
			productReference = 98EEDBE825E4642B00DC7B1F /* SwiftUIZoo.app */;
			productType = "com.apple.product-type.application";
		};
/* End PBXNativeTarget section */

/* Begin PBXProject section */
		98EEDBE025E4642B00DC7B1F /* Project object */ = {
			isa = PBXProject;
			attributes = {
				LastSwiftUpdateCheck = 1240;
				LastUpgradeCheck = 1240;
				TargetAttributes = {
					98EEDBE725E4642B00DC7B1F = {
						CreatedOnToolsVersion = 12.4;
					};
				};
			};
			buildConfigurationList = 98EEDBE325E4642B00DC7B1F /* Build configuration list for PBXProject "SwiftUIZoo" */;
			compatibilityVersion = "Xcode 9.3";
			developmentRegion = en;
			hasScannedForEncodings = 0;
			knownRegions = (
				en,
				Base,
			);
			mainGroup = 98EEDBDF25E4642B00DC7B1F;
			productRefGroup = 98EEDBE925E4642B00DC7B1F /* Products */;
			projectDirPath = "";
			projectRoot = "";
			targets = (
				98EEDBE725E4642B00DC7B1F /* SwiftUIZoo */,
			);
		};
/* End PBXProject section */

/* Begin PBXResourcesBuildPhase section */
		98EEDBE625E4642B00DC7B1F /* Resources */ = {
			isa = PBXResourcesBuildPhase;
			buildActionMask = 2147483647;
			files = (
				98EEDBF325E4642B00DC7B1F /* Preview Assets.xcassets in Resources */,
				98EEDBF025E4642B00DC7B1F /* Assets.xcassets in Resources */,
			);
			runOnlyForDeploymentPostprocessing = 0;
		};
/* End PBXResourcesBuildPhase section */

/* Begin PBXSourcesBuildPhase section */
		98EEDBE425E4642B00DC7B1F /* Sources */ = {
			isa = PBXSourcesBuildPhase;
			buildActionMask = 2147483647;
			files = (
				98EEDC0925E764F400DC7B1F /* SFSymbolStudy.swift in Sources */,
				98EEDC1425E8B32D00DC7B1F /* SolidShapes.swift in Sources */,
				98EEDBEE25E4642B00DC7B1F /* ContentView.swift in Sources */,
				98EEDC0625E756B200DC7B1F /* RandomColorModifier.swift in Sources */,
				982DC29F26067D51007216CB /* SliderControlZoo.swift in Sources */,
				98EEDBFC25E6090900DC7B1F /* MainListView.swift in Sources */,
				984BAE1925EAE5FB009E6938 /* TextViewZoo.swift in Sources */,
				9846C8E825EDEC3F0067F697 /* KeyboadManagement.swift in Sources */,
				982DC2A22608345C007216CB /* ProgressViewZoo.swift in Sources */,
				98EEDC1A25EAD86A00DC7B1F /* ScrollViewZoo.swift in Sources */,
				98EEDC0225E60DA600DC7B1F /* ImageTile.swift in Sources */,
				982DC2A5260836EE007216CB /* LinksZoo.swift in Sources */,
				98EEDC0C25E767FC00DC7B1F /* RainbowNavListItem.swift in Sources */,
				98EEDBFF25E60B8F00DC7B1F /* MainListCell.swift in Sources */,
				98EEDC1725E9709000DC7B1F /* LayoutTricks.swift in Sources */,
				98EEDBEC25E4642B00DC7B1F /* SwiftUIZooApp.swift in Sources */,
				9832C7C126312CCF00E68346 /* GestureZoo.swift in Sources */,
				98EEDC1125E85B6B00DC7B1F /* GradientView.swift in Sources */,
			);
			runOnlyForDeploymentPostprocessing = 0;
		};
/* End PBXSourcesBuildPhase section */

/* Begin XCBuildConfiguration section */
		98EEDBF525E4642B00DC7B1F /* Debug */ = {
			isa = XCBuildConfiguration;
			buildSettings = {
				ALWAYS_SEARCH_USER_PATHS = NO;
				CLANG_ANALYZER_NONNULL = YES;
				CLANG_ANALYZER_NUMBER_OBJECT_CONVERSION = YES_AGGRESSIVE;
				CLANG_CXX_LANGUAGE_STANDARD = "gnu++14";
				CLANG_CXX_LIBRARY = "libc++";
				CLANG_ENABLE_MODULES = YES;
				CLANG_ENABLE_OBJC_ARC = YES;
				CLANG_ENABLE_OBJC_WEAK = YES;
				CLANG_WARN_BLOCK_CAPTURE_AUTORELEASING = YES;
				CLANG_WARN_BOOL_CONVERSION = YES;
				CLANG_WARN_COMMA = YES;
				CLANG_WARN_CONSTANT_CONVERSION = YES;
				CLANG_WARN_DEPRECATED_OBJC_IMPLEMENTATIONS = YES;
				CLANG_WARN_DIRECT_OBJC_ISA_USAGE = YES_ERROR;
				CLANG_WARN_DOCUMENTATION_COMMENTS = YES;
				CLANG_WARN_EMPTY_BODY = YES;
				CLANG_WARN_ENUM_CONVERSION = YES;
				CLANG_WARN_INFINITE_RECURSION = YES;
				CLANG_WARN_INT_CONVERSION = YES;
				CLANG_WARN_NON_LITERAL_NULL_CONVERSION = YES;
				CLANG_WARN_OBJC_IMPLICIT_RETAIN_SELF = YES;
				CLANG_WARN_OBJC_LITERAL_CONVERSION = YES;
				CLANG_WARN_OBJC_ROOT_CLASS = YES_ERROR;
				CLANG_WARN_QUOTED_INCLUDE_IN_FRAMEWORK_HEADER = YES;
				CLANG_WARN_RANGE_LOOP_ANALYSIS = YES;
				CLANG_WARN_STRICT_PROTOTYPES = YES;
				CLANG_WARN_SUSPICIOUS_MOVE = YES;
				CLANG_WARN_UNGUARDED_AVAILABILITY = YES_AGGRESSIVE;
				CLANG_WARN_UNREACHABLE_CODE = YES;
				CLANG_WARN__DUPLICATE_METHOD_MATCH = YES;
				COPY_PHASE_STRIP = NO;
				DEBUG_INFORMATION_FORMAT = dwarf;
				ENABLE_STRICT_OBJC_MSGSEND = YES;
				ENABLE_TESTABILITY = YES;
				GCC_C_LANGUAGE_STANDARD = gnu11;
				GCC_DYNAMIC_NO_PIC = NO;
				GCC_NO_COMMON_BLOCKS = YES;
				GCC_OPTIMIZATION_LEVEL = 0;
				GCC_PREPROCESSOR_DEFINITIONS = (
					"DEBUG=1",
					"$(inherited)",
				);
				GCC_WARN_64_TO_32_BIT_CONVERSION = YES;
				GCC_WARN_ABOUT_RETURN_TYPE = YES_ERROR;
				GCC_WARN_UNDECLARED_SELECTOR = YES;
				GCC_WARN_UNINITIALIZED_AUTOS = YES_AGGRESSIVE;
				GCC_WARN_UNUSED_FUNCTION = YES;
				GCC_WARN_UNUSED_VARIABLE = YES;
				IPHONEOS_DEPLOYMENT_TARGET = 14.4;
				MTL_ENABLE_DEBUG_INFO = INCLUDE_SOURCE;
				MTL_FAST_MATH = YES;
				ONLY_ACTIVE_ARCH = YES;
				SDKROOT = iphoneos;
				SWIFT_ACTIVE_COMPILATION_CONDITIONS = DEBUG;
				SWIFT_OPTIMIZATION_LEVEL = "-Onone";
			};
			name = Debug;
		};
		98EEDBF625E4642B00DC7B1F /* Release */ = {
			isa = XCBuildConfiguration;
			buildSettings = {
				ALWAYS_SEARCH_USER_PATHS = NO;
				CLANG_ANALYZER_NONNULL = YES;
				CLANG_ANALYZER_NUMBER_OBJECT_CONVERSION = YES_AGGRESSIVE;
				CLANG_CXX_LANGUAGE_STANDARD = "gnu++14";
				CLANG_CXX_LIBRARY = "libc++";
				CLANG_ENABLE_MODULES = YES;
				CLANG_ENABLE_OBJC_ARC = YES;
				CLANG_ENABLE_OBJC_WEAK = YES;
				CLANG_WARN_BLOCK_CAPTURE_AUTORELEASING = YES;
				CLANG_WARN_BOOL_CONVERSION = YES;
				CLANG_WARN_COMMA = YES;
				CLANG_WARN_CONSTANT_CONVERSION = YES;
				CLANG_WARN_DEPRECATED_OBJC_IMPLEMENTATIONS = YES;
				CLANG_WARN_DIRECT_OBJC_ISA_USAGE = YES_ERROR;
				CLANG_WARN_DOCUMENTATION_COMMENTS = YES;
				CLANG_WARN_EMPTY_BODY = YES;
				CLANG_WARN_ENUM_CONVERSION = YES;
				CLANG_WARN_INFINITE_RECURSION = YES;
				CLANG_WARN_INT_CONVERSION = YES;
				CLANG_WARN_NON_LITERAL_NULL_CONVERSION = YES;
				CLANG_WARN_OBJC_IMPLICIT_RETAIN_SELF = YES;
				CLANG_WARN_OBJC_LITERAL_CONVERSION = YES;
				CLANG_WARN_OBJC_ROOT_CLASS = YES_ERROR;
				CLANG_WARN_QUOTED_INCLUDE_IN_FRAMEWORK_HEADER = YES;
				CLANG_WARN_RANGE_LOOP_ANALYSIS = YES;
				CLANG_WARN_STRICT_PROTOTYPES = YES;
				CLANG_WARN_SUSPICIOUS_MOVE = YES;
				CLANG_WARN_UNGUARDED_AVAILABILITY = YES_AGGRESSIVE;
				CLANG_WARN_UNREACHABLE_CODE = YES;
				CLANG_WARN__DUPLICATE_METHOD_MATCH = YES;
				COPY_PHASE_STRIP = NO;
				DEBUG_INFORMATION_FORMAT = "dwarf-with-dsym";
				ENABLE_NS_ASSERTIONS = NO;
				ENABLE_STRICT_OBJC_MSGSEND = YES;
				GCC_C_LANGUAGE_STANDARD = gnu11;
				GCC_NO_COMMON_BLOCKS = YES;
				GCC_WARN_64_TO_32_BIT_CONVERSION = YES;
				GCC_WARN_ABOUT_RETURN_TYPE = YES_ERROR;
				GCC_WARN_UNDECLARED_SELECTOR = YES;
				GCC_WARN_UNINITIALIZED_AUTOS = YES_AGGRESSIVE;
				GCC_WARN_UNUSED_FUNCTION = YES;
				GCC_WARN_UNUSED_VARIABLE = YES;
				IPHONEOS_DEPLOYMENT_TARGET = 14.4;
				MTL_ENABLE_DEBUG_INFO = NO;
				MTL_FAST_MATH = YES;
				SDKROOT = iphoneos;
				SWIFT_COMPILATION_MODE = wholemodule;
				SWIFT_OPTIMIZATION_LEVEL = "-O";
				VALIDATE_PRODUCT = YES;
			};
			name = Release;
		};
		98EEDBF825E4642B00DC7B1F /* Debug */ = {
			isa = XCBuildConfiguration;
			buildSettings = {
				ASSETCATALOG_COMPILER_APPICON_NAME = AppIcon;
				ASSETCATALOG_COMPILER_GLOBAL_ACCENT_COLOR_NAME = AccentColor;
				CODE_SIGN_STYLE = Automatic;
				DEVELOPMENT_ASSET_PATHS = "\"SwiftUIZoo/Preview Content\"";
				DEVELOPMENT_TEAM = 79T2P35GPA;
				ENABLE_PREVIEWS = YES;
				INFOPLIST_FILE = SwiftUIZoo/Info.plist;
				IPHONEOS_DEPLOYMENT_TARGET = 14.0;
				LD_RUNPATH_SEARCH_PATHS = (
					"$(inherited)",
					"@executable_path/Frameworks",
				);
				PRODUCT_BUNDLE_IDENTIFIER = ZAM.SwiftUIZoo;
				PRODUCT_NAME = "$(TARGET_NAME)";
				SWIFT_VERSION = 5.0;
				TARGETED_DEVICE_FAMILY = "1,2";
			};
			name = Debug;
		};
		98EEDBF925E4642B00DC7B1F /* Release */ = {
			isa = XCBuildConfiguration;
			buildSettings = {
				ASSETCATALOG_COMPILER_APPICON_NAME = AppIcon;
				ASSETCATALOG_COMPILER_GLOBAL_ACCENT_COLOR_NAME = AccentColor;
				CODE_SIGN_STYLE = Automatic;
				DEVELOPMENT_ASSET_PATHS = "\"SwiftUIZoo/Preview Content\"";
				DEVELOPMENT_TEAM = 79T2P35GPA;
				ENABLE_PREVIEWS = YES;
				INFOPLIST_FILE = SwiftUIZoo/Info.plist;
				IPHONEOS_DEPLOYMENT_TARGET = 14.0;
				LD_RUNPATH_SEARCH_PATHS = (
					"$(inherited)",
					"@executable_path/Frameworks",
				);
				PRODUCT_BUNDLE_IDENTIFIER = ZAM.SwiftUIZoo;
				PRODUCT_NAME = "$(TARGET_NAME)";
				SWIFT_VERSION = 5.0;
				TARGETED_DEVICE_FAMILY = "1,2";
			};
			name = Release;
		};
/* End XCBuildConfiguration section */

/* Begin XCConfigurationList section */
		98EEDBE325E4642B00DC7B1F /* Build configuration list for PBXProject "SwiftUIZoo" */ = {
			isa = XCConfigurationList;
			buildConfigurations = (
				98EEDBF525E4642B00DC7B1F /* Debug */,
				98EEDBF625E4642B00DC7B1F /* Release */,
			);
			defaultConfigurationIsVisible = 0;
			defaultConfigurationName = Release;
		};
		98EEDBF725E4642B00DC7B1F /* Build configuration list for PBXNativeTarget "SwiftUIZoo" */ = {
			isa = XCConfigurationList;
			buildConfigurations = (
				98EEDBF825E4642B00DC7B1F /* Debug */,
				98EEDBF925E4642B00DC7B1F /* Release */,
			);
			defaultConfigurationIsVisible = 0;
			defaultConfigurationName = Release;
		};
/* End XCConfigurationList section */
	};
	rootObject = 98EEDBE025E4642B00DC7B1F /* Project object */;
}
